
Microsoft Visual Studio Solution File, Format Version 12.00
Project("{FAE04EC0-301F-11D3-BF4B-00C04F79EFBC}") = "Price.Api", "Price.Api\Price.Api.csproj", "{74A9F48C-7835-4AE8-9CE2-4095E357847B}"
EndProject
Project("{2150E333-8FDC-42A3-9474-1A3956D46DE8}") = "src", "src", "{05F4F5DA-4C62-4983-A046-DF82975E6BB2}"
EndProject
Project("{2150E333-8FDC-42A3-9474-1A3956D46DE8}") = "tests", "tests", "{A120DDA7-30EA-45DF-A2D9-8088D6188B3E}"
EndProject
Project("{FAE04EC0-301F-11D3-BF4B-00C04F79EFBC}") = "Price.Api.UnitTests", "tests\Price.Api.UnitTests\Price.Api.UnitTests.csproj", "{83B6F31F-60A9-4520-956E-F306D0AD65FC}"
EndProject
Project("{FAE04EC0-301F-11D3-BF4B-00C04F79EFBC}") = "Price.Infrastructure", "Price.Infrastructure\Price.Infrastructure.csproj", "{E50B4BA4-1156-4C8E-A8AE-B75CE80AF8BB}"
EndProject
Project("{FAE04EC0-301F-11D3-BF4B-00C04F79EFBC}") = "Price.Application", "Price.Application\Price.Application.csproj", "{B2463AB8-8322-47EB-9D7C-2073B6651987}"
EndProject
Project("{FAE04EC0-301F-11D3-BF4B-00C04F79EFBC}") = "Price.Application.UnitTests", "tests\Price.Application.UnitTests\Price.Application.UnitTests.csproj", "{B8D36BB7-C3D4-40F4-8CF8-90992AC789EE}"
EndProject
Project("{FAE04EC0-301F-11D3-BF4B-00C04F79EFBC}") = "Price.Api.ComponentTests", "tests\Price.Api.ComponentTests\Price.Api.ComponentTests.csproj", "{CABDE390-F62D-47B1-80C4-BA54FCC2932A}"
EndProject
Project("{FAE04EC0-301F-11D3-BF4B-00C04F79EFBC}") = "Price.Api.IntegrationTests", "tests\Price.Api.IntegrationTests\Price.Api.IntegrationTests.csproj", "{788A558D-0D54-4BA4-8C6F-1FA1B317B986}"
EndProject
Project("{FAE04EC0-301F-11D3-BF4B-00C04F79EFBC}") = "Price.GRPC.Api", "Price.GRPC.Api\Price.GRPC.Api.csproj", "{45EF1130-2872-4594-8795-32803D135C3B}"
EndProject
Global
	GlobalSection(SolutionConfigurationPlatforms) = preSolution
		Debug|Any CPU = Debug|Any CPU
		Release|Any CPU = Release|Any CPU
	EndGlobalSection
	GlobalSection(ProjectConfigurationPlatforms) = postSolution
		{74A9F48C-7835-4AE8-9CE2-4095E357847B}.Debug|Any CPU.ActiveCfg = Debug|Any CPU
		{74A9F48C-7835-4AE8-9CE2-4095E357847B}.Debug|Any CPU.Build.0 = Debug|Any CPU
		{74A9F48C-7835-4AE8-9CE2-4095E357847B}.Release|Any CPU.ActiveCfg = Release|Any CPU
		{74A9F48C-7835-4AE8-9CE2-4095E357847B}.Release|Any CPU.Build.0 = Release|Any CPU
		{83B6F31F-60A9-4520-956E-F306D0AD65FC}.Debug|Any CPU.ActiveCfg = Debug|Any CPU
		{83B6F31F-60A9-4520-956E-F306D0AD65FC}.Debug|Any CPU.Build.0 = Debug|Any CPU
		{83B6F31F-60A9-4520-956E-F306D0AD65FC}.Release|Any CPU.ActiveCfg = Release|Any CPU
		{83B6F31F-60A9-4520-956E-F306D0AD65FC}.Release|Any CPU.Build.0 = Release|Any CPU
		{E50B4BA4-1156-4C8E-A8AE-B75CE80AF8BB}.Debug|Any CPU.ActiveCfg = Debug|Any CPU
		{E50B4BA4-1156-4C8E-A8AE-B75CE80AF8BB}.Debug|Any CPU.Build.0 = Debug|Any CPU
		{E50B4BA4-1156-4C8E-A8AE-B75CE80AF8BB}.Release|Any CPU.ActiveCfg = Release|Any CPU
		{E50B4BA4-1156-4C8E-A8AE-B75CE80AF8BB}.Release|Any CPU.Build.0 = Release|Any CPU
		{B2463AB8-8322-47EB-9D7C-2073B6651987}.Debug|Any CPU.ActiveCfg = Debug|Any CPU
		{B2463AB8-8322-47EB-9D7C-2073B6651987}.Debug|Any CPU.Build.0 = Debug|Any CPU
		{B2463AB8-8322-47EB-9D7C-2073B6651987}.Release|Any CPU.ActiveCfg = Release|Any CPU
		{B2463AB8-8322-47EB-9D7C-2073B6651987}.Release|Any CPU.Build.0 = Release|Any CPU
		{B8D36BB7-C3D4-40F4-8CF8-90992AC789EE}.Debug|Any CPU.ActiveCfg = Debug|Any CPU
		{B8D36BB7-C3D4-40F4-8CF8-90992AC789EE}.Debug|Any CPU.Build.0 = Debug|Any CPU
		{B8D36BB7-C3D4-40F4-8CF8-90992AC789EE}.Release|Any CPU.ActiveCfg = Release|Any CPU
		{B8D36BB7-C3D4-40F4-8CF8-90992AC789EE}.Release|Any CPU.Build.0 = Release|Any CPU
		{CABDE390-F62D-47B1-80C4-BA54FCC2932A}.Debug|Any CPU.ActiveCfg = Debug|Any CPU
		{CABDE390-F62D-47B1-80C4-BA54FCC2932A}.Debug|Any CPU.Build.0 = Debug|Any CPU
		{CABDE390-F62D-47B1-80C4-BA54FCC2932A}.Release|Any CPU.ActiveCfg = Release|Any CPU
		{CABDE390-F62D-47B1-80C4-BA54FCC2932A}.Release|Any CPU.Build.0 = Release|Any CPU
		{788A558D-0D54-4BA4-8C6F-1FA1B317B986}.Debug|Any CPU.ActiveCfg = Debug|Any CPU
		{788A558D-0D54-4BA4-8C6F-1FA1B317B986}.Debug|Any CPU.Build.0 = Debug|Any CPU
		{788A558D-0D54-4BA4-8C6F-1FA1B317B986}.Release|Any CPU.ActiveCfg = Release|Any CPU
		{788A558D-0D54-4BA4-8C6F-1FA1B317B986}.Release|Any CPU.Build.0 = Release|Any CPU
		{45EF1130-2872-4594-8795-32803D135C3B}.Debug|Any CPU.ActiveCfg = Debug|Any CPU
		{45EF1130-2872-4594-8795-32803D135C3B}.Debug|Any CPU.Build.0 = Debug|Any CPU
		{45EF1130-2872-4594-8795-32803D135C3B}.Release|Any CPU.ActiveCfg = Release|Any CPU
		{45EF1130-2872-4594-8795-32803D135C3B}.Release|Any CPU.Build.0 = Release|Any CPU
	EndGlobalSection
	GlobalSection(NestedProjects) = preSolution
		{74A9F48C-7835-4AE8-9CE2-4095E357847B} = {05F4F5DA-4C62-4983-A046-DF82975E6BB2}
		{83B6F31F-60A9-4520-956E-F306D0AD65FC} = {A120DDA7-30EA-45DF-A2D9-8088D6188B3E}
		{E50B4BA4-1156-4C8E-A8AE-B75CE80AF8BB} = {05F4F5DA-4C62-4983-A046-DF82975E6BB2}
		{B2463AB8-8322-47EB-9D7C-2073B6651987} = {05F4F5DA-4C62-4983-A046-DF82975E6BB2}
		{B8D36BB7-C3D4-40F4-8CF8-90992AC789EE} = {A120DDA7-30EA-45DF-A2D9-8088D6188B3E}
		{CABDE390-F62D-47B1-80C4-BA54FCC2932A} = {A120DDA7-30EA-45DF-A2D9-8088D6188B3E}
		{788A558D-0D54-4BA4-8C6F-1FA1B317B986} = {A120DDA7-30EA-45DF-A2D9-8088D6188B3E}
		{45EF1130-2872-4594-8795-32803D135C3B} = {05F4F5DA-4C62-4983-A046-DF82975E6BB2}
	EndGlobalSection
EndGlobal
